PODS:
  - Flutter (1.0.0)
  - integration_test (0.0.1):
    - Flutter
  - mobility_plugin (0.0.1):
    - Flutter

DEPENDENCIES:
  - Flutter (from `Flutter`)
  - integration_test (from `.symlinks/plugins/integration_test/ios`)
  - mobility_plugin (from `.symlinks/plugins/mobility_plugin/ios`)

EXTERNAL SOURCES:
  Flutter:
    :path: Flutter
  integration_test:
    :path: ".symlinks/plugins/integration_test/ios"
  mobility_plugin:
    :path: ".symlinks/plugins/mobility_plugin/ios"

SPEC CHECKSUMS:
  Flutter: e0871f40cf51350855a761d2e70bf5af5b9b5de7
  integration_test: 252f60fa39af5e17c3aa9899d35d908a0721b573
  mobility_plugin: 34391ae13ba88568e57e9df925b04648ffa8867a

PODFILE CHECKSUM: 365f5456cebac9263448d52393ccb38ae26a9cfc

COCOAPODS: 1.16.2
